// !$*UTF8*$!
{
	archiveVersion = 1;
	classes = {
	};
	objectVersion = 55;
	objects = {

/* Begin PBXBuildFile section */
		360F450DBB4087CC009BB636 /* Pods_TweetStreamTests.framework in Frameworks */ = {isa = PBXBuildFile; fileRef = 004D728311F568B658D7B6D0 /* Pods_TweetStreamTests.framework */; };
		8CF2BAFA4108AE88396113E5 /* Pods_TweetStream_TweetStreamUITests.framework in Frameworks */ = {isa = PBXBuildFile; fileRef = 8206FB398EAC776C97B18130 /* Pods_TweetStream_TweetStreamUITests.framework */; };
		B83A95CD8B1DE34FA27CAC00 /* Pods_TweetStream.framework in Frameworks */ = {isa = PBXBuildFile; fileRef = F5F5527B2A1A1CE2C336C932 /* Pods_TweetStream.framework */; };
		BD3847A4283B69DD0006E06C /* TweetViewModel.swift in Sources */ = {isa = PBXBuildFile; fileRef = BD3847A3283B69DD0006E06C /* TweetViewModel.swift */; };
		BDA9DE332837AEDB00C7038B /* AppDelegate.swift in Sources */ = {isa = PBXBuildFile; fileRef = BDA9DE322837AEDB00C7038B /* AppDelegate.swift */; };
		BDA9DE3C2837AEDB00C7038B /* Assets.xcassets in Resources */ = {isa = PBXBuildFile; fileRef = BDA9DE3B2837AEDB00C7038B /* Assets.xcassets */; };
		BDA9DE3F2837AEDB00C7038B /* LaunchScreen.storyboard in Resources */ = {isa = PBXBuildFile; fileRef = BDA9DE3D2837AEDB00C7038B /* LaunchScreen.storyboard */; };
		BDA9DE4A2837AEDC00C7038B /* TweetStreamTests.swift in Sources */ = {isa = PBXBuildFile; fileRef = BDA9DE492837AEDC00C7038B /* TweetStreamTests.swift */; };
		BDA9DE542837AEDC00C7038B /* TweetStreamUITests.swift in Sources */ = {isa = PBXBuildFile; fileRef = BDA9DE532837AEDC00C7038B /* TweetStreamUITests.swift */; };
		BDA9DE562837AEDC00C7038B /* TweetStreamUITestsLaunchTests.swift in Sources */ = {isa = PBXBuildFile; fileRef = BDA9DE552837AEDC00C7038B /* TweetStreamUITestsLaunchTests.swift */; };
		BDA9DE652837B84F00C7038B /* HomeViewController.swift in Sources */ = {isa = PBXBuildFile; fileRef = BDA9DE632837B84F00C7038B /* HomeViewController.swift */; };
		BDA9DE662837B84F00C7038B /* HomeViewController.xib in Resources */ = {isa = PBXBuildFile; fileRef = BDA9DE642837B84F00C7038B /* HomeViewController.xib */; };
		BDA9DE682837B8C500C7038B /* AppCoordinator.swift in Sources */ = {isa = PBXBuildFile; fileRef = BDA9DE672837B8C500C7038B /* AppCoordinator.swift */; };
		BDA9DE6A2837B91A00C7038B /* Coordinator.swift in Sources */ = {isa = PBXBuildFile; fileRef = BDA9DE692837B91A00C7038B /* Coordinator.swift */; };
		BDA9DE6C2837B94E00C7038B /* HomeCoordinator.swift in Sources */ = {isa = PBXBuildFile; fileRef = BDA9DE6B2837B94E00C7038B /* HomeCoordinator.swift */; };
		BDA9DE722837D0DE00C7038B /* RequestProtocol.swift in Sources */ = {isa = PBXBuildFile; fileRef = BDA9DE712837D0DE00C7038B /* RequestProtocol.swift */; };
		BDA9DE742837D13400C7038B /* AppConstants.swift in Sources */ = {isa = PBXBuildFile; fileRef = BDA9DE732837D13400C7038B /* AppConstants.swift */; };
		BDA9DE772837D21600C7038B /* NetworkAgent.swift in Sources */ = {isa = PBXBuildFile; fileRef = BDA9DE762837D21600C7038B /* NetworkAgent.swift */; };
		BDA9DE792837D22700C7038B /* NetworkOperation.swift in Sources */ = {isa = PBXBuildFile; fileRef = BDA9DE782837D22700C7038B /* NetworkOperation.swift */; };
		BDA9DE7B2837D25100C7038B /* AsyncOperation.swift in Sources */ = {isa = PBXBuildFile; fileRef = BDA9DE7A2837D25100C7038B /* AsyncOperation.swift */; };
		BDA9DE7D2837D26000C7038B /* NetworkQueueManager.swift in Sources */ = {isa = PBXBuildFile; fileRef = BDA9DE7C2837D26000C7038B /* NetworkQueueManager.swift */; };
		BDA9DE7F2837D27E00C7038B /* APIError.swift in Sources */ = {isa = PBXBuildFile; fileRef = BDA9DE7E2837D27E00C7038B /* APIError.swift */; };
		BDA9DE812837D40100C7038B /* TwitterApiService.swift in Sources */ = {isa = PBXBuildFile; fileRef = BDA9DE802837D40100C7038B /* TwitterApiService.swift */; };
		BDA9DE832837E6D700C7038B /* NetworkStreamOperation.swift in Sources */ = {isa = PBXBuildFile; fileRef = BDA9DE822837E6D700C7038B /* NetworkStreamOperation.swift */; };
		BDA9DE852837ECA600C7038B /* Tweet.swift in Sources */ = {isa = PBXBuildFile; fileRef = BDA9DE842837ECA600C7038B /* Tweet.swift */; };
		BDA9DE8B2837F1A900C7038B /* TweetListViewController.swift in Sources */ = {isa = PBXBuildFile; fileRef = BDA9DE892837F1A900C7038B /* TweetListViewController.swift */; };
		BDA9DE8C2837F1A900C7038B /* TweetListViewController.xib in Resources */ = {isa = PBXBuildFile; fileRef = BDA9DE8A2837F1A900C7038B /* TweetListViewController.xib */; };
		BDA9DE8E2837F22600C7038B /* TweetListViewModel.swift in Sources */ = {isa = PBXBuildFile; fileRef = BDA9DE8D2837F22600C7038B /* TweetListViewModel.swift */; };
		BDA9DE912837F29500C7038B /* TweetCell.swift in Sources */ = {isa = PBXBuildFile; fileRef = BDA9DE8F2837F29500C7038B /* TweetCell.swift */; };
		BDA9DE922837F29500C7038B /* TweetCell.xib in Resources */ = {isa = PBXBuildFile; fileRef = BDA9DE902837F29500C7038B /* TweetCell.xib */; };
		BDA9DE952837F5A100C7038B /* Extension+UIViewController.swift in Sources */ = {isa = PBXBuildFile; fileRef = BDA9DE942837F5A100C7038B /* Extension+UIViewController.swift */; };
		BDA9DE9B2837F9A200C7038B /* TweetDetailViewController.swift in Sources */ = {isa = PBXBuildFile; fileRef = BDA9DE992837F9A200C7038B /* TweetDetailViewController.swift */; };
		BDA9DE9C2837F9A200C7038B /* TweetDetailViewController.xib in Resources */ = {isa = PBXBuildFile; fileRef = BDA9DE9A2837F9A200C7038B /* TweetDetailViewController.xib */; };
		BDA9DE9E2837F9B100C7038B /* TweetDetailCoordinator.swift in Sources */ = {isa = PBXBuildFile; fileRef = BDA9DE9D2837F9B100C7038B /* TweetDetailCoordinator.swift */; };
		BDCBD9C6283BD1AB00D50622 /* Extension+String.swift in Sources */ = {isa = PBXBuildFile; fileRef = BDCBD9C5283BD1AB00D50622 /* Extension+String.swift */; };
		BDF62BF6283BA60400F29189 /* TweetStreamRule.swift in Sources */ = {isa = PBXBuildFile; fileRef = BDF62BF5283BA60400F29189 /* TweetStreamRule.swift */; };
/* End PBXBuildFile section */

/* Begin PBXContainerItemProxy section */
		BDA9DE462837AEDC00C7038B /* PBXContainerItemProxy */ = {
			isa = PBXContainerItemProxy;
			containerPortal = BDA9DE272837AEDB00C7038B /* Project object */;
			proxyType = 1;
			remoteGlobalIDString = BDA9DE2E2837AEDB00C7038B;
			remoteInfo = TweetStream;
		};
		BDA9DE502837AEDC00C7038B /* PBXContainerItemProxy */ = {
			isa = PBXContainerItemProxy;
			containerPortal = BDA9DE272837AEDB00C7038B /* Project object */;
			proxyType = 1;
			remoteGlobalIDString = BDA9DE2E2837AEDB00C7038B;
			remoteInfo = TweetStream;
		};
/* End PBXContainerItemProxy section */

/* Begin PBXFileReference section */
		004D728311F568B658D7B6D0 /* Pods_TweetStreamTests.framework */ = {isa = PBXFileReference; explicitFileType = wrapper.framework; includeInIndex = 0; path = Pods_TweetStreamTests.framework; sourceTree = BUILT_PRODUCTS_DIR; };
		0EA842E4BD900072A5DCA952 /* Pods-TweetStreamTests.release.xcconfig */ = {isa = PBXFileReference; includeInIndex = 1; lastKnownFileType = text.xcconfig; name = "Pods-TweetStreamTests.release.xcconfig"; path = "Target Support Files/Pods-TweetStreamTests/Pods-TweetStreamTests.release.xcconfig"; sourceTree = "<group>"; };
		40D9B3F0BFB54CAF7E9735F5 /* Pods-TweetStream-TweetStreamUITests.debug.xcconfig */ = {isa = PBXFileReference; includeInIndex = 1; lastKnownFileType = text.xcconfig; name = "Pods-TweetStream-TweetStreamUITests.debug.xcconfig"; path = "Target Support Files/Pods-TweetStream-TweetStreamUITests/Pods-TweetStream-TweetStreamUITests.debug.xcconfig"; sourceTree = "<group>"; };
		4C1F8F2EC9CEFE069F667F14 /* Pods-TweetStream.debug.xcconfig */ = {isa = PBXFileReference; includeInIndex = 1; lastKnownFileType = text.xcconfig; name = "Pods-TweetStream.debug.xcconfig"; path = "Target Support Files/Pods-TweetStream/Pods-TweetStream.debug.xcconfig"; sourceTree = "<group>"; };
		8206FB398EAC776C97B18130 /* Pods_TweetStream_TweetStreamUITests.framework */ = {isa = PBXFileReference; explicitFileType = wrapper.framework; includeInIndex = 0; path = Pods_TweetStream_TweetStreamUITests.framework; sourceTree = BUILT_PRODUCTS_DIR; };
		8223023F6708A33E23B2CA50 /* Pods-TweetStream-TweetStreamUITests.release.xcconfig */ = {isa = PBXFileReference; includeInIndex = 1; lastKnownFileType = text.xcconfig; name = "Pods-TweetStream-TweetStreamUITests.release.xcconfig"; path = "Target Support Files/Pods-TweetStream-TweetStreamUITests/Pods-TweetStream-TweetStreamUITests.release.xcconfig"; sourceTree = "<group>"; };
		97576C660A1528067FD51902 /* Pods-TweetStreamTests.debug.xcconfig */ = {isa = PBXFileReference; includeInIndex = 1; lastKnownFileType = text.xcconfig; name = "Pods-TweetStreamTests.debug.xcconfig"; path = "Target Support Files/Pods-TweetStreamTests/Pods-TweetStreamTests.debug.xcconfig"; sourceTree = "<group>"; };
		BD3847A3283B69DD0006E06C /* TweetViewModel.swift */ = {isa = PBXFileReference; lastKnownFileType = sourcecode.swift; path = TweetViewModel.swift; sourceTree = "<group>"; };
		BDA9DE2F2837AEDB00C7038B /* TweetStream.app */ = {isa = PBXFileReference; explicitFileType = wrapper.application; includeInIndex = 0; path = TweetStream.app; sourceTree = BUILT_PRODUCTS_DIR; };
		BDA9DE322837AEDB00C7038B /* AppDelegate.swift */ = {isa = PBXFileReference; lastKnownFileType = sourcecode.swift; path = AppDelegate.swift; sourceTree = "<group>"; };
		BDA9DE3B2837AEDB00C7038B /* Assets.xcassets */ = {isa = PBXFileReference; lastKnownFileType = folder.assetcatalog; path = Assets.xcassets; sourceTree = "<group>"; };
		BDA9DE3E2837AEDB00C7038B /* Base */ = {isa = PBXFileReference; lastKnownFileType = file.storyboard; name = Base; path = Base.lproj/LaunchScreen.storyboard; sourceTree = "<group>"; };
		BDA9DE402837AEDB00C7038B /* Info.plist */ = {isa = PBXFileReference; lastKnownFileType = text.plist.xml; path = Info.plist; sourceTree = "<group>"; };
		BDA9DE452837AEDC00C7038B /* TweetStreamTests.xctest */ = {isa = PBXFileReference; explicitFileType = wrapper.cfbundle; includeInIndex = 0; path = TweetStreamTests.xctest; sourceTree = BUILT_PRODUCTS_DIR; };
		BDA9DE492837AEDC00C7038B /* TweetStreamTests.swift */ = {isa = PBXFileReference; lastKnownFileType = sourcecode.swift; path = TweetStreamTests.swift; sourceTree = "<group>"; };
		BDA9DE4F2837AEDC00C7038B /* TweetStreamUITests.xctest */ = {isa = PBXFileReference; explicitFileType = wrapper.cfbundle; includeInIndex = 0; path = TweetStreamUITests.xctest; sourceTree = BUILT_PRODUCTS_DIR; };
		BDA9DE532837AEDC00C7038B /* TweetStreamUITests.swift */ = {isa = PBXFileReference; lastKnownFileType = sourcecode.swift; path = TweetStreamUITests.swift; sourceTree = "<group>"; };
		BDA9DE552837AEDC00C7038B /* TweetStreamUITestsLaunchTests.swift */ = {isa = PBXFileReference; lastKnownFileType = sourcecode.swift; path = TweetStreamUITestsLaunchTests.swift; sourceTree = "<group>"; };
		BDA9DE632837B84F00C7038B /* HomeViewController.swift */ = {isa = PBXFileReference; lastKnownFileType = sourcecode.swift; path = HomeViewController.swift; sourceTree = "<group>"; };
		BDA9DE642837B84F00C7038B /* HomeViewController.xib */ = {isa = PBXFileReference; lastKnownFileType = file.xib; path = HomeViewController.xib; sourceTree = "<group>"; };
		BDA9DE672837B8C500C7038B /* AppCoordinator.swift */ = {isa = PBXFileReference; lastKnownFileType = sourcecode.swift; path = AppCoordinator.swift; sourceTree = "<group>"; };
		BDA9DE692837B91A00C7038B /* Coordinator.swift */ = {isa = PBXFileReference; lastKnownFileType = sourcecode.swift; path = Coordinator.swift; sourceTree = "<group>"; };
		BDA9DE6B2837B94E00C7038B /* HomeCoordinator.swift */ = {isa = PBXFileReference; lastKnownFileType = sourcecode.swift; path = HomeCoordinator.swift; sourceTree = "<group>"; };
		BDA9DE712837D0DE00C7038B /* RequestProtocol.swift */ = {isa = PBXFileReference; lastKnownFileType = sourcecode.swift; path = RequestProtocol.swift; sourceTree = "<group>"; };
		BDA9DE732837D13400C7038B /* AppConstants.swift */ = {isa = PBXFileReference; lastKnownFileType = sourcecode.swift; path = AppConstants.swift; sourceTree = "<group>"; };
		BDA9DE762837D21600C7038B /* NetworkAgent.swift */ = {isa = PBXFileReference; lastKnownFileType = sourcecode.swift; path = NetworkAgent.swift; sourceTree = "<group>"; };
		BDA9DE782837D22700C7038B /* NetworkOperation.swift */ = {isa = PBXFileReference; lastKnownFileType = sourcecode.swift; path = NetworkOperation.swift; sourceTree = "<group>"; };
		BDA9DE7A2837D25100C7038B /* AsyncOperation.swift */ = {isa = PBXFileReference; lastKnownFileType = sourcecode.swift; path = AsyncOperation.swift; sourceTree = "<group>"; };
		BDA9DE7C2837D26000C7038B /* NetworkQueueManager.swift */ = {isa = PBXFileReference; lastKnownFileType = sourcecode.swift; path = NetworkQueueManager.swift; sourceTree = "<group>"; };
		BDA9DE7E2837D27E00C7038B /* APIError.swift */ = {isa = PBXFileReference; lastKnownFileType = sourcecode.swift; path = APIError.swift; sourceTree = "<group>"; };
		BDA9DE802837D40100C7038B /* TwitterApiService.swift */ = {isa = PBXFileReference; lastKnownFileType = sourcecode.swift; path = TwitterApiService.swift; sourceTree = "<group>"; };
		BDA9DE822837E6D700C7038B /* NetworkStreamOperation.swift */ = {isa = PBXFileReference; lastKnownFileType = sourcecode.swift; path = NetworkStreamOperation.swift; sourceTree = "<group>"; };
		BDA9DE842837ECA600C7038B /* Tweet.swift */ = {isa = PBXFileReference; lastKnownFileType = sourcecode.swift; path = Tweet.swift; sourceTree = "<group>"; };
		BDA9DE892837F1A900C7038B /* TweetListViewController.swift */ = {isa = PBXFileReference; lastKnownFileType = sourcecode.swift; path = TweetListViewController.swift; sourceTree = "<group>"; };
		BDA9DE8A2837F1A900C7038B /* TweetListViewController.xib */ = {isa = PBXFileReference; lastKnownFileType = file.xib; path = TweetListViewController.xib; sourceTree = "<group>"; };
		BDA9DE8D2837F22600C7038B /* TweetListViewModel.swift */ = {isa = PBXFileReference; lastKnownFileType = sourcecode.swift; path = TweetListViewModel.swift; sourceTree = "<group>"; };
		BDA9DE8F2837F29500C7038B /* TweetCell.swift */ = {isa = PBXFileReference; lastKnownFileType = sourcecode.swift; path = TweetCell.swift; sourceTree = "<group>"; };
		BDA9DE902837F29500C7038B /* TweetCell.xib */ = {isa = PBXFileReference; lastKnownFileType = file.xib; path = TweetCell.xib; sourceTree = "<group>"; };
		BDA9DE942837F5A100C7038B /* Extension+UIViewController.swift */ = {isa = PBXFileReference; lastKnownFileType = sourcecode.swift; path = "Extension+UIViewController.swift"; sourceTree = "<group>"; };
		BDA9DE992837F9A200C7038B /* TweetDetailViewController.swift */ = {isa = PBXFileReference; lastKnownFileType = sourcecode.swift; path = TweetDetailViewController.swift; sourceTree = "<group>"; };
		BDA9DE9A2837F9A200C7038B /* TweetDetailViewController.xib */ = {isa = PBXFileReference; lastKnownFileType = file.xib; path = TweetDetailViewController.xib; sourceTree = "<group>"; };
		BDA9DE9D2837F9B100C7038B /* TweetDetailCoordinator.swift */ = {isa = PBXFileReference; lastKnownFileType = sourcecode.swift; path = TweetDetailCoordinator.swift; sourceTree = "<group>"; };
		BDCBD9C5283BD1AB00D50622 /* Extension+String.swift */ = {isa = PBXFileReference; lastKnownFileType = sourcecode.swift; path = "Extension+String.swift"; sourceTree = "<group>"; };
		BDF62BF5283BA60400F29189 /* TweetStreamRule.swift */ = {isa = PBXFileReference; lastKnownFileType = sourcecode.swift; path = TweetStreamRule.swift; sourceTree = "<group>"; };
		D45E77E2BA64D677BC25EDA4 /* Pods-TweetStream.release.xcconfig */ = {isa = PBXFileReference; includeInIndex = 1; lastKnownFileType = text.xcconfig; name = "Pods-TweetStream.release.xcconfig"; path = "Target Support Files/Pods-TweetStream/Pods-TweetStream.release.xcconfig"; sourceTree = "<group>"; };
		F5F5527B2A1A1CE2C336C932 /* Pods_TweetStream.framework */ = {isa = PBXFileReference; explicitFileType = wrapper.framework; includeInIndex = 0; path = Pods_TweetStream.framework; sourceTree = BUILT_PRODUCTS_DIR; };
/* End PBXFileReference section */

/* Begin PBXFrameworksBuildPhase section */
		BDA9DE2C2837AEDB00C7038B /* Frameworks */ = {
			isa = PBXFrameworksBuildPhase;
			buildActionMask = 2147483647;
			files = (
				B83A95CD8B1DE34FA27CAC00 /* Pods_TweetStream.framework in Frameworks */,
			);
			runOnlyForDeploymentPostprocessing = 0;
		};
		BDA9DE422837AEDC00C7038B /* Frameworks */ = {
			isa = PBXFrameworksBuildPhase;
			buildActionMask = 2147483647;
			files = (
				360F450DBB4087CC009BB636 /* Pods_TweetStreamTests.framework in Frameworks */,
			);
			runOnlyForDeploymentPostprocessing = 0;
		};
		BDA9DE4C2837AEDC00C7038B /* Frameworks */ = {
			isa = PBXFrameworksBuildPhase;
			buildActionMask = 2147483647;
			files = (
				8CF2BAFA4108AE88396113E5 /* Pods_TweetStream_TweetStreamUITests.framework in Frameworks */,
			);
			runOnlyForDeploymentPostprocessing = 0;
		};
/* End PBXFrameworksBuildPhase section */

/* Begin PBXGroup section */
		082178997FE61711EEF2BF32 /* Pods */ = {
			isa = PBXGroup;
			children = (
				4C1F8F2EC9CEFE069F667F14 /* Pods-TweetStream.debug.xcconfig */,
				D45E77E2BA64D677BC25EDA4 /* Pods-TweetStream.release.xcconfig */,
				40D9B3F0BFB54CAF7E9735F5 /* Pods-TweetStream-TweetStreamUITests.debug.xcconfig */,
				8223023F6708A33E23B2CA50 /* Pods-TweetStream-TweetStreamUITests.release.xcconfig */,
				97576C660A1528067FD51902 /* Pods-TweetStreamTests.debug.xcconfig */,
				0EA842E4BD900072A5DCA952 /* Pods-TweetStreamTests.release.xcconfig */,
			);
			path = Pods;
			sourceTree = "<group>";
		};
		4E898B7121B6BC8B8FABA6F7 /* Frameworks */ = {
			isa = PBXGroup;
			children = (
				F5F5527B2A1A1CE2C336C932 /* Pods_TweetStream.framework */,
				8206FB398EAC776C97B18130 /* Pods_TweetStream_TweetStreamUITests.framework */,
				004D728311F568B658D7B6D0 /* Pods_TweetStreamTests.framework */,
			);
			name = Frameworks;
			sourceTree = "<group>";
		};
		BD3847A5283B6DD40006E06C /* Tweet */ = {
			isa = PBXGroup;
			children = (
				BDA9DE882837F18C00C7038B /* TweetList */,
				BDA9DE962837F97300C7038B /* TweetDetail */,
				BDA9DE842837ECA600C7038B /* Tweet.swift */,
				BDF62BF5283BA60400F29189 /* TweetStreamRule.swift */,
				BD3847A3283B69DD0006E06C /* TweetViewModel.swift */,
				BDA9DE802837D40100C7038B /* TwitterApiService.swift */,
			);
			path = Tweet;
			sourceTree = "<group>";
		};
		BDA9DE262837AEDB00C7038B = {
			isa = PBXGroup;
			children = (
				BDA9DE312837AEDB00C7038B /* TweetStream */,
				BDA9DE482837AEDC00C7038B /* TweetStreamTests */,
				BDA9DE522837AEDC00C7038B /* TweetStreamUITests */,
				BDA9DE302837AEDB00C7038B /* Products */,
				082178997FE61711EEF2BF32 /* Pods */,
				4E898B7121B6BC8B8FABA6F7 /* Frameworks */,
			);
			sourceTree = "<group>";
		};
		BDA9DE302837AEDB00C7038B /* Products */ = {
			isa = PBXGroup;
			children = (
				BDA9DE2F2837AEDB00C7038B /* TweetStream.app */,
				BDA9DE452837AEDC00C7038B /* TweetStreamTests.xctest */,
				BDA9DE4F2837AEDC00C7038B /* TweetStreamUITests.xctest */,
			);
			name = Products;
			sourceTree = "<group>";
		};
		BDA9DE312837AEDB00C7038B /* TweetStream */ = {
			isa = PBXGroup;
			children = (
				BDA9DE6F2837B9C100C7038B /* App */,
				BDA9DE6E2837B9B400C7038B /* Base */,
				BDA9DE622837B83200C7038B /* Home */,
				BD3847A5283B6DD40006E06C /* Tweet */,
				BDA9DE702837D0D200C7038B /* Modules */,
				BDA9DE6D2837B9A200C7038B /* Resources */,
			);
			path = TweetStream;
			sourceTree = "<group>";
		};
		BDA9DE482837AEDC00C7038B /* TweetStreamTests */ = {
			isa = PBXGroup;
			children = (
				BDA9DE492837AEDC00C7038B /* TweetStreamTests.swift */,
			);
			path = TweetStreamTests;
			sourceTree = "<group>";
		};
		BDA9DE522837AEDC00C7038B /* TweetStreamUITests */ = {
			isa = PBXGroup;
			children = (
				BDA9DE532837AEDC00C7038B /* TweetStreamUITests.swift */,
				BDA9DE552837AEDC00C7038B /* TweetStreamUITestsLaunchTests.swift */,
			);
			path = TweetStreamUITests;
			sourceTree = "<group>";
		};
		BDA9DE622837B83200C7038B /* Home */ = {
			isa = PBXGroup;
			children = (
				BDA9DE632837B84F00C7038B /* HomeViewController.swift */,
				BDA9DE642837B84F00C7038B /* HomeViewController.xib */,
				BDA9DE6B2837B94E00C7038B /* HomeCoordinator.swift */,
			);
			path = Home;
			sourceTree = "<group>";
		};
		BDA9DE6D2837B9A200C7038B /* Resources */ = {
			isa = PBXGroup;
			children = (
				BDA9DE3B2837AEDB00C7038B /* Assets.xcassets */,
				BDA9DE3D2837AEDB00C7038B /* LaunchScreen.storyboard */,
				BDA9DE402837AEDB00C7038B /* Info.plist */,
			);
			path = Resources;
			sourceTree = "<group>";
		};
		BDA9DE6E2837B9B400C7038B /* Base */ = {
			isa = PBXGroup;
			children = (
				BDA9DE692837B91A00C7038B /* Coordinator.swift */,
			);
			path = Base;
			sourceTree = "<group>";
		};
		BDA9DE6F2837B9C100C7038B /* App */ = {
			isa = PBXGroup;
			children = (
				BDA9DE322837AEDB00C7038B /* AppDelegate.swift */,
				BDA9DE672837B8C500C7038B /* AppCoordinator.swift */,
				BDA9DE732837D13400C7038B /* AppConstants.swift */,
			);
			path = App;
			sourceTree = "<group>";
		};
		BDA9DE702837D0D200C7038B /* Modules */ = {
			isa = PBXGroup;
			children = (
				BDA9DE932837F59200C7038B /* Extensions */,
				BDA9DE752837D1DE00C7038B /* Networking */,
			);
			path = Modules;
			sourceTree = "<group>";
		};
		BDA9DE752837D1DE00C7038B /* Networking */ = {
			isa = PBXGroup;
			children = (
				BDA9DE712837D0DE00C7038B /* RequestProtocol.swift */,
				BDA9DE762837D21600C7038B /* NetworkAgent.swift */,
				BDA9DE782837D22700C7038B /* NetworkOperation.swift */,
				BDA9DE822837E6D700C7038B /* NetworkStreamOperation.swift */,
				BDA9DE7A2837D25100C7038B /* AsyncOperation.swift */,
				BDA9DE7C2837D26000C7038B /* NetworkQueueManager.swift */,
				BDA9DE7E2837D27E00C7038B /* APIError.swift */,
			);
			path = Networking;
			sourceTree = "<group>";
		};
		BDA9DE882837F18C00C7038B /* TweetList */ = {
			isa = PBXGroup;
			children = (
				BDA9DE892837F1A900C7038B /* TweetListViewController.swift */,
				BDA9DE8A2837F1A900C7038B /* TweetListViewController.xib */,
				BDA9DE8D2837F22600C7038B /* TweetListViewModel.swift */,
				BDA9DE8F2837F29500C7038B /* TweetCell.swift */,
				BDA9DE902837F29500C7038B /* TweetCell.xib */,
			);
			path = TweetList;
			sourceTree = "<group>";
		};
		BDA9DE932837F59200C7038B /* Extensions */ = {
			isa = PBXGroup;
			children = (
				BDA9DE942837F5A100C7038B /* Extension+UIViewController.swift */,
				BDCBD9C5283BD1AB00D50622 /* Extension+String.swift */,
			);
			path = Extensions;
			sourceTree = "<group>";
		};
		BDA9DE962837F97300C7038B /* TweetDetail */ = {
			isa = PBXGroup;
			children = (
				BDA9DE992837F9A200C7038B /* TweetDetailViewController.swift */,
				BDA9DE9A2837F9A200C7038B /* TweetDetailViewController.xib */,
				BDA9DE9D2837F9B100C7038B /* TweetDetailCoordinator.swift */,
			);
			path = TweetDetail;
			sourceTree = "<group>";
		};
/* End PBXGroup section */

/* Begin PBXNativeTarget section */
		BDA9DE2E2837AEDB00C7038B /* TweetStream */ = {
			isa = PBXNativeTarget;
			buildConfigurationList = BDA9DE592837AEDC00C7038B /* Build configuration list for PBXNativeTarget "TweetStream" */;
			buildPhases = (
				BEB5B8EAD9531E58D140F2FC /* [CP] Check Pods Manifest.lock */,
				BDA9DE2B2837AEDB00C7038B /* Sources */,
				BDA9DE2C2837AEDB00C7038B /* Frameworks */,
				BDA9DE2D2837AEDB00C7038B /* Resources */,
				E7C7372491993427ED8F8746 /* [CP] Embed Pods Frameworks */,
			);
			buildRules = (
			);
			dependencies = (
			);
			name = TweetStream;
			productName = TweetStream;
			productReference = BDA9DE2F2837AEDB00C7038B /* TweetStream.app */;
			productType = "com.apple.product-type.application";
		};
		BDA9DE442837AEDC00C7038B /* TweetStreamTests */ = {
			isa = PBXNativeTarget;
			buildConfigurationList = BDA9DE5C2837AEDC00C7038B /* Build configuration list for PBXNativeTarget "TweetStreamTests" */;
			buildPhases = (
				E168E8A8A5A961F8D94CFC78 /* [CP] Check Pods Manifest.lock */,
				BDA9DE412837AEDC00C7038B /* Sources */,
				BDA9DE422837AEDC00C7038B /* Frameworks */,
				BDA9DE432837AEDC00C7038B /* Resources */,
			);
			buildRules = (
			);
			dependencies = (
				BDA9DE472837AEDC00C7038B /* PBXTargetDependency */,
			);
			name = TweetStreamTests;
			productName = TweetStreamTests;
			productReference = BDA9DE452837AEDC00C7038B /* TweetStreamTests.xctest */;
			productType = "com.apple.product-type.bundle.unit-test";
		};
		BDA9DE4E2837AEDC00C7038B /* TweetStreamUITests */ = {
			isa = PBXNativeTarget;
			buildConfigurationList = BDA9DE5F2837AEDC00C7038B /* Build configuration list for PBXNativeTarget "TweetStreamUITests" */;
			buildPhases = (
				ADB4BA8E05F2389162324009 /* [CP] Check Pods Manifest.lock */,
				BDA9DE4B2837AEDC00C7038B /* Sources */,
				BDA9DE4C2837AEDC00C7038B /* Frameworks */,
				BDA9DE4D2837AEDC00C7038B /* Resources */,
				CDA4A02F67FED5D7F40999A6 /* [CP] Embed Pods Frameworks */,
			);
			buildRules = (
			);
			dependencies = (
				BDA9DE512837AEDC00C7038B /* PBXTargetDependency */,
			);
			name = TweetStreamUITests;
			productName = TweetStreamUITests;
			productReference = BDA9DE4F2837AEDC00C7038B /* TweetStreamUITests.xctest */;
			productType = "com.apple.product-type.bundle.ui-testing";
		};
/* End PBXNativeTarget section */

/* Begin PBXProject section */
		BDA9DE272837AEDB00C7038B /* Project object */ = {
			isa = PBXProject;
			attributes = {
				BuildIndependentTargetsInParallel = 1;
				LastSwiftUpdateCheck = 1330;
				LastUpgradeCheck = 1330;
				TargetAttributes = {
					BDA9DE2E2837AEDB00C7038B = {
						CreatedOnToolsVersion = 13.3.1;
					};
					BDA9DE442837AEDC00C7038B = {
						CreatedOnToolsVersion = 13.3.1;
						TestTargetID = BDA9DE2E2837AEDB00C7038B;
					};
					BDA9DE4E2837AEDC00C7038B = {
						CreatedOnToolsVersion = 13.3.1;
						TestTargetID = BDA9DE2E2837AEDB00C7038B;
					};
				};
			};
			buildConfigurationList = BDA9DE2A2837AEDB00C7038B /* Build configuration list for PBXProject "TweetStream" */;
			compatibilityVersion = "Xcode 13.0";
			developmentRegion = en;
			hasScannedForEncodings = 0;
			knownRegions = (
				en,
				Base,
			);
			mainGroup = BDA9DE262837AEDB00C7038B;
			productRefGroup = BDA9DE302837AEDB00C7038B /* Products */;
			projectDirPath = "";
			projectRoot = "";
			targets = (
				BDA9DE2E2837AEDB00C7038B /* TweetStream */,
				BDA9DE442837AEDC00C7038B /* TweetStreamTests */,
				BDA9DE4E2837AEDC00C7038B /* TweetStreamUITests */,
			);
		};
/* End PBXProject section */

/* Begin PBXResourcesBuildPhase section */
		BDA9DE2D2837AEDB00C7038B /* Resources */ = {
			isa = PBXResourcesBuildPhase;
			buildActionMask = 2147483647;
			files = (
				BDA9DE8C2837F1A900C7038B /* TweetListViewController.xib in Resources */,
				BDA9DE9C2837F9A200C7038B /* TweetDetailViewController.xib in Resources */,
				BDA9DE922837F29500C7038B /* TweetCell.xib in Resources */,
				BDA9DE3F2837AEDB00C7038B /* LaunchScreen.storyboard in Resources */,
				BDA9DE662837B84F00C7038B /* HomeViewController.xib in Resources */,
				BDA9DE3C2837AEDB00C7038B /* Assets.xcassets in Resources */,
			);
			runOnlyForDeploymentPostprocessing = 0;
		};
		BDA9DE432837AEDC00C7038B /* Resources */ = {
			isa = PBXResourcesBuildPhase;
			buildActionMask = 2147483647;
			files = (
			);
			runOnlyForDeploymentPostprocessing = 0;
		};
		BDA9DE4D2837AEDC00C7038B /* Resources */ = {
			isa = PBXResourcesBuildPhase;
			buildActionMask = 2147483647;
			files = (
			);
			runOnlyForDeploymentPostprocessing = 0;
		};
/* End PBXResourcesBuildPhase section */

/* Begin PBXShellScriptBuildPhase section */
		ADB4BA8E05F2389162324009 /* [CP] Check Pods Manifest.lock */ = {
			isa = PBXShellScriptBuildPhase;
			buildActionMask = 2147483647;
			files = (
			);
			inputFileListPaths = (
			);
			inputPaths = (
				"${PODS_PODFILE_DIR_PATH}/Podfile.lock",
				"${PODS_ROOT}/Manifest.lock",
			);
			name = "[CP] Check Pods Manifest.lock";
			outputFileListPaths = (
			);
			outputPaths = (
				"$(DERIVED_FILE_DIR)/Pods-TweetStream-TweetStreamUITests-checkManifestLockResult.txt",
			);
			runOnlyForDeploymentPostprocessing = 0;
			shellPath = /bin/sh;
			shellScript = "diff \"${PODS_PODFILE_DIR_PATH}/Podfile.lock\" \"${PODS_ROOT}/Manifest.lock\" > /dev/null\nif [ $? != 0 ] ; then\n    # print error to STDERR\n    echo \"error: The sandbox is not in sync with the Podfile.lock. Run 'pod install' or update your CocoaPods installation.\" >&2\n    exit 1\nfi\n# This output is used by Xcode 'outputs' to avoid re-running this script phase.\necho \"SUCCESS\" > \"${SCRIPT_OUTPUT_FILE_0}\"\n";
			showEnvVarsInLog = 0;
		};
		BEB5B8EAD9531E58D140F2FC /* [CP] Check Pods Manifest.lock */ = {
			isa = PBXShellScriptBuildPhase;
			buildActionMask = 2147483647;
			files = (
			);
			inputFileListPaths = (
			);
			inputPaths = (
				"${PODS_PODFILE_DIR_PATH}/Podfile.lock",
				"${PODS_ROOT}/Manifest.lock",
			);
			name = "[CP] Check Pods Manifest.lock";
			outputFileListPaths = (
			);
			outputPaths = (
				"$(DERIVED_FILE_DIR)/Pods-TweetStream-checkManifestLockResult.txt",
			);
			runOnlyForDeploymentPostprocessing = 0;
			shellPath = /bin/sh;
			shellScript = "diff \"${PODS_PODFILE_DIR_PATH}/Podfile.lock\" \"${PODS_ROOT}/Manifest.lock\" > /dev/null\nif [ $? != 0 ] ; then\n    # print error to STDERR\n    echo \"error: The sandbox is not in sync with the Podfile.lock. Run 'pod install' or update your CocoaPods installation.\" >&2\n    exit 1\nfi\n# This output is used by Xcode 'outputs' to avoid re-running this script phase.\necho \"SUCCESS\" > \"${SCRIPT_OUTPUT_FILE_0}\"\n";
			showEnvVarsInLog = 0;
		};
		CDA4A02F67FED5D7F40999A6 /* [CP] Embed Pods Frameworks */ = {
			isa = PBXShellScriptBuildPhase;
			buildActionMask = 2147483647;
			files = (
			);
			inputFileListPaths = (
				"${PODS_ROOT}/Target Support Files/Pods-TweetStream-TweetStreamUITests/Pods-TweetStream-TweetStreamUITests-frameworks-${CONFIGURATION}-input-files.xcfilelist",
			);
			name = "[CP] Embed Pods Frameworks";
			outputFileListPaths = (
				"${PODS_ROOT}/Target Support Files/Pods-TweetStream-TweetStreamUITests/Pods-TweetStream-TweetStreamUITests-frameworks-${CONFIGURATION}-output-files.xcfilelist",
			);
			runOnlyForDeploymentPostprocessing = 0;
			shellPath = /bin/sh;
			shellScript = "\"${PODS_ROOT}/Target Support Files/Pods-TweetStream-TweetStreamUITests/Pods-TweetStream-TweetStreamUITests-frameworks.sh\"\n";
			showEnvVarsInLog = 0;
		};
		E168E8A8A5A961F8D94CFC78 /* [CP] Check Pods Manifest.lock */ = {
			isa = PBXShellScriptBuildPhase;
			buildActionMask = 2147483647;
			files = (
			);
			inputFileListPaths = (
			);
			inputPaths = (
				"${PODS_PODFILE_DIR_PATH}/Podfile.lock",
				"${PODS_ROOT}/Manifest.lock",
			);
			name = "[CP] Check Pods Manifest.lock";
			outputFileListPaths = (
			);
			outputPaths = (
				"$(DERIVED_FILE_DIR)/Pods-TweetStreamTests-checkManifestLockResult.txt",
			);
			runOnlyForDeploymentPostprocessing = 0;
			shellPath = /bin/sh;
			shellScript = "diff \"${PODS_PODFILE_DIR_PATH}/Podfile.lock\" \"${PODS_ROOT}/Manifest.lock\" > /dev/null\nif [ $? != 0 ] ; then\n    # print error to STDERR\n    echo \"error: The sandbox is not in sync with the Podfile.lock. Run 'pod install' or update your CocoaPods installation.\" >&2\n    exit 1\nfi\n# This output is used by Xcode 'outputs' to avoid re-running this script phase.\necho \"SUCCESS\" > \"${SCRIPT_OUTPUT_FILE_0}\"\n";
			showEnvVarsInLog = 0;
		};
		E7C7372491993427ED8F8746 /* [CP] Embed Pods Frameworks */ = {
			isa = PBXShellScriptBuildPhase;
			buildActionMask = 2147483647;
			files = (
			);
			inputFileListPaths = (
				"${PODS_ROOT}/Target Support Files/Pods-TweetStream/Pods-TweetStream-frameworks-${CONFIGURATION}-input-files.xcfilelist",
			);
			name = "[CP] Embed Pods Frameworks";
			outputFileListPaths = (
				"${PODS_ROOT}/Target Support Files/Pods-TweetStream/Pods-TweetStream-frameworks-${CONFIGURATION}-output-files.xcfilelist",
			);
			runOnlyForDeploymentPostprocessing = 0;
			shellPath = /bin/sh;
			shellScript = "\"${PODS_ROOT}/Target Support Files/Pods-TweetStream/Pods-TweetStream-frameworks.sh\"\n";
			showEnvVarsInLog = 0;
		};
/* End PBXShellScriptBuildPhase section */

/* Begin PBXSourcesBuildPhase section */
		BDA9DE2B2837AEDB00C7038B /* Sources */ = {
			isa = PBXSourcesBuildPhase;
			buildActionMask = 2147483647;
			files = (
				BDA9DE682837B8C500C7038B /* AppCoordinator.swift in Sources */,
				BDA9DE332837AEDB00C7038B /* AppDelegate.swift in Sources */,
				BDA9DE6C2837B94E00C7038B /* HomeCoordinator.swift in Sources */,
				BDA9DE722837D0DE00C7038B /* RequestProtocol.swift in Sources */,
				BDA9DE9B2837F9A200C7038B /* TweetDetailViewController.swift in Sources */,
				BDA9DE812837D40100C7038B /* TwitterApiService.swift in Sources */,
				BDA9DE742837D13400C7038B /* AppConstants.swift in Sources */,
				BDA9DE852837ECA600C7038B /* Tweet.swift in Sources */,
				BDCBD9C6283BD1AB00D50622 /* Extension+String.swift in Sources */,
				BDA9DE952837F5A100C7038B /* Extension+UIViewController.swift in Sources */,
				BDA9DE7F2837D27E00C7038B /* APIError.swift in Sources */,
				BDA9DE652837B84F00C7038B /* HomeViewController.swift in Sources */,
				BDF62BF6283BA60400F29189 /* TweetStreamRule.swift in Sources */,
				BDA9DE8E2837F22600C7038B /* TweetListViewModel.swift in Sources */,
				BDA9DE772837D21600C7038B /* NetworkAgent.swift in Sources */,
				BDA9DE792837D22700C7038B /* NetworkOperation.swift in Sources */,
				BDA9DE7D2837D26000C7038B /* NetworkQueueManager.swift in Sources */,
				BDA9DE7B2837D25100C7038B /* AsyncOperation.swift in Sources */,
				BDA9DE8B2837F1A900C7038B /* TweetListViewController.swift in Sources */,
				BDA9DE832837E6D700C7038B /* NetworkStreamOperation.swift in Sources */,
				BD3847A4283B69DD0006E06C /* TweetViewModel.swift in Sources */,
				BDA9DE9E2837F9B100C7038B /* TweetDetailCoordinator.swift in Sources */,
				BDA9DE912837F29500C7038B /* TweetCell.swift in Sources */,
				BDA9DE6A2837B91A00C7038B /* Coordinator.swift in Sources */,
			);
			runOnlyForDeploymentPostprocessing = 0;
		};
		BDA9DE412837AEDC00C7038B /* Sources */ = {
			isa = PBXSourcesBuildPhase;
			buildActionMask = 2147483647;
			files = (
				BDA9DE4A2837AEDC00C7038B /* TweetStreamTests.swift in Sources */,
			);
			runOnlyForDeploymentPostprocessing = 0;
		};
		BDA9DE4B2837AEDC00C7038B /* Sources */ = {
			isa = PBXSourcesBuildPhase;
			buildActionMask = 2147483647;
			files = (
				BDA9DE562837AEDC00C7038B /* TweetStreamUITestsLaunchTests.swift in Sources */,
				BDA9DE542837AEDC00C7038B /* TweetStreamUITests.swift in Sources */,
			);
			runOnlyForDeploymentPostprocessing = 0;
		};
/* End PBXSourcesBuildPhase section */

/* Begin PBXTargetDependency section */
		BDA9DE472837AEDC00C7038B /* PBXTargetDependency */ = {
			isa = PBXTargetDependency;
			target = BDA9DE2E2837AEDB00C7038B /* TweetStream */;
			targetProxy = BDA9DE462837AEDC00C7038B /* PBXContainerItemProxy */;
		};
		BDA9DE512837AEDC00C7038B /* PBXTargetDependency */ = {
			isa = PBXTargetDependency;
			target = BDA9DE2E2837AEDB00C7038B /* TweetStream */;
			targetProxy = BDA9DE502837AEDC00C7038B /* PBXContainerItemProxy */;
		};
/* End PBXTargetDependency section */

/* Begin PBXVariantGroup section */
		BDA9DE3D2837AEDB00C7038B /* LaunchScreen.storyboard */ = {
			isa = PBXVariantGroup;
			children = (
				BDA9DE3E2837AEDB00C7038B /* Base */,
			);
			name = LaunchScreen.storyboard;
			sourceTree = "<group>";
		};
/* End PBXVariantGroup section */

/* Begin XCBuildConfiguration section */
		BDA9DE572837AEDC00C7038B /* Debug */ = {
			isa = XCBuildConfiguration;
			buildSettings = {
				ALWAYS_SEARCH_USER_PATHS = NO;
				CLANG_ANALYZER_NONNULL = YES;
				CLANG_ANALYZER_NUMBER_OBJECT_CONVERSION = YES_AGGRESSIVE;
				CLANG_CXX_LANGUAGE_STANDARD = "gnu++17";
				CLANG_ENABLE_MODULES = YES;
				CLANG_ENABLE_OBJC_ARC = YES;
				CLANG_ENABLE_OBJC_WEAK = YES;
				CLANG_WARN_BLOCK_CAPTURE_AUTORELEASING = YES;
				CLANG_WARN_BOOL_CONVERSION = YES;
				CLANG_WARN_COMMA = YES;
				CLANG_WARN_CONSTANT_CONVERSION = YES;
				CLANG_WARN_DEPRECATED_OBJC_IMPLEMENTATIONS = YES;
				CLANG_WARN_DIRECT_OBJC_ISA_USAGE = YES_ERROR;
				CLANG_WARN_DOCUMENTATION_COMMENTS = YES;
				CLANG_WARN_EMPTY_BODY = YES;
				CLANG_WARN_ENUM_CONVERSION = YES;
				CLANG_WARN_INFINITE_RECURSION = YES;
				CLANG_WARN_INT_CONVERSION = YES;
				CLANG_WARN_NON_LITERAL_NULL_CONVERSION = YES;
				CLANG_WARN_OBJC_IMPLICIT_RETAIN_SELF = YES;
				CLANG_WARN_OBJC_LITERAL_CONVERSION = YES;
				CLANG_WARN_OBJC_ROOT_CLASS = YES_ERROR;
				CLANG_WARN_QUOTED_INCLUDE_IN_FRAMEWORK_HEADER = YES;
				CLANG_WARN_RANGE_LOOP_ANALYSIS = YES;
				CLANG_WARN_STRICT_PROTOTYPES = YES;
				CLANG_WARN_SUSPICIOUS_MOVE = YES;
				CLANG_WARN_UNGUARDED_AVAILABILITY = YES_AGGRESSIVE;
				CLANG_WARN_UNREACHABLE_CODE = YES;
				CLANG_WARN__DUPLICATE_METHOD_MATCH = YES;
				COPY_PHASE_STRIP = NO;
				DEBUG_INFORMATION_FORMAT = dwarf;
				ENABLE_STRICT_OBJC_MSGSEND = YES;
				ENABLE_TESTABILITY = YES;
				GCC_C_LANGUAGE_STANDARD = gnu11;
				GCC_DYNAMIC_NO_PIC = NO;
				GCC_NO_COMMON_BLOCKS = YES;
				GCC_OPTIMIZATION_LEVEL = 0;
				GCC_PREPROCESSOR_DEFINITIONS = (
					"DEBUG=1",
					"$(inherited)",
				);
				GCC_WARN_64_TO_32_BIT_CONVERSION = YES;
				GCC_WARN_ABOUT_RETURN_TYPE = YES_ERROR;
				GCC_WARN_UNDECLARED_SELECTOR = YES;
				GCC_WARN_UNINITIALIZED_AUTOS = YES_AGGRESSIVE;
				GCC_WARN_UNUSED_FUNCTION = YES;
				GCC_WARN_UNUSED_VARIABLE = YES;
				IPHONEOS_DEPLOYMENT_TARGET = 15.4;
				MTL_ENABLE_DEBUG_INFO = INCLUDE_SOURCE;
				MTL_FAST_MATH = YES;
				ONLY_ACTIVE_ARCH = YES;
				SDKROOT = iphoneos;
				SWIFT_ACTIVE_COMPILATION_CONDITIONS = DEBUG;
				SWIFT_OPTIMIZATION_LEVEL = "-Onone";
			};
			name = Debug;
		};
		BDA9DE582837AEDC00C7038B /* Release */ = {
			isa = XCBuildConfiguration;
			buildSettings = {
				ALWAYS_SEARCH_USER_PATHS = NO;
				CLANG_ANALYZER_NONNULL = YES;
				CLANG_ANALYZER_NUMBER_OBJECT_CONVERSION = YES_AGGRESSIVE;
				CLANG_CXX_LANGUAGE_STANDARD = "gnu++17";
				CLANG_ENABLE_MODULES = YES;
				CLANG_ENABLE_OBJC_ARC = YES;
				CLANG_ENABLE_OBJC_WEAK = YES;
				CLANG_WARN_BLOCK_CAPTURE_AUTORELEASING = YES;
				CLANG_WARN_BOOL_CONVERSION = YES;
				CLANG_WARN_COMMA = YES;
				CLANG_WARN_CONSTANT_CONVERSION = YES;
				CLANG_WARN_DEPRECATED_OBJC_IMPLEMENTATIONS = YES;
				CLANG_WARN_DIRECT_OBJC_ISA_USAGE = YES_ERROR;
				CLANG_WARN_DOCUMENTATION_COMMENTS = YES;
				CLANG_WARN_EMPTY_BODY = YES;
				CLANG_WARN_ENUM_CONVERSION = YES;
				CLANG_WARN_INFINITE_RECURSION = YES;
				CLANG_WARN_INT_CONVERSION = YES;
				CLANG_WARN_NON_LITERAL_NULL_CONVERSION = YES;
				CLANG_WARN_OBJC_IMPLICIT_RETAIN_SELF = YES;
				CLANG_WARN_OBJC_LITERAL_CONVERSION = YES;
				CLANG_WARN_OBJC_ROOT_CLASS = YES_ERROR;
				CLANG_WARN_QUOTED_INCLUDE_IN_FRAMEWORK_HEADER = YES;
				CLANG_WARN_RANGE_LOOP_ANALYSIS = YES;
				CLANG_WARN_STRICT_PROTOTYPES = YES;
				CLANG_WARN_SUSPICIOUS_MOVE = YES;
				CLANG_WARN_UNGUARDED_AVAILABILITY = YES_AGGRESSIVE;
				CLANG_WARN_UNREACHABLE_CODE = YES;
				CLANG_WARN__DUPLICATE_METHOD_MATCH = YES;
				COPY_PHASE_STRIP = NO;
				DEBUG_INFORMATION_FORMAT = "dwarf-with-dsym";
				ENABLE_NS_ASSERTIONS = NO;
				ENABLE_STRICT_OBJC_MSGSEND = YES;
				GCC_C_LANGUAGE_STANDARD = gnu11;
				GCC_NO_COMMON_BLOCKS = YES;
				GCC_WARN_64_TO_32_BIT_CONVERSION = YES;
				GCC_WARN_ABOUT_RETURN_TYPE = YES_ERROR;
				GCC_WARN_UNDECLARED_SELECTOR = YES;
				GCC_WARN_UNINITIALIZED_AUTOS = YES_AGGRESSIVE;
				GCC_WARN_UNUSED_FUNCTION = YES;
				GCC_WARN_UNUSED_VARIABLE = YES;
				IPHONEOS_DEPLOYMENT_TARGET = 15.4;
				MTL_ENABLE_DEBUG_INFO = NO;
				MTL_FAST_MATH = YES;
				SDKROOT = iphoneos;
				SWIFT_COMPILATION_MODE = wholemodule;
				SWIFT_OPTIMIZATION_LEVEL = "-O";
				VALIDATE_PRODUCT = YES;
			};
			name = Release;
		};
		BDA9DE5A2837AEDC00C7038B /* Debug */ = {
			isa = XCBuildConfiguration;
			baseConfigurationReference = 4C1F8F2EC9CEFE069F667F14 /* Pods-TweetStream.debug.xcconfig */;
			buildSettings = {
				ASSETCATALOG_COMPILER_APPICON_NAME = AppIcon;
				ASSETCATALOG_COMPILER_GLOBAL_ACCENT_COLOR_NAME = AccentColor;
				ASSETCATALOG_COMPILER_INCLUDE_ALL_APPICON_ASSETS = YES;
				CODE_SIGN_STYLE = Automatic;
				CURRENT_PROJECT_VERSION = 1;
				DEVELOPMENT_TEAM = N6WWEQFR6E;
				GENERATE_INFOPLIST_FILE = YES;
				INFOPLIST_FILE = TweetStream/Resources/Info.plist;
				INFOPLIST_KEY_UIApplicationSupportsIndirectInputEvents = YES;
				INFOPLIST_KEY_UILaunchStoryboardName = LaunchScreen;
				INFOPLIST_KEY_UISupportedInterfaceOrientations = UIInterfaceOrientationPortrait;
				INFOPLIST_KEY_UISupportedInterfaceOrientations_iPad = "UIInterfaceOrientationPortrait UIInterfaceOrientationPortraitUpsideDown UIInterfaceOrientationLandscapeLeft UIInterfaceOrientationLandscapeRight";
				INFOPLIST_KEY_UISupportedInterfaceOrientations_iPhone = "UIInterfaceOrientationPortrait UIInterfaceOrientationLandscapeLeft UIInterfaceOrientationLandscapeRight";
				IPHONEOS_DEPLOYMENT_TARGET = 13.0;
				LD_RUNPATH_SEARCH_PATHS = (
					"$(inherited)",
					"@executable_path/Frameworks",
				);
				MARKETING_VERSION = 1.0;
				PRODUCT_BUNDLE_IDENTIFIER = shafiee.test.TweetStream;
				PRODUCT_NAME = "$(TARGET_NAME)";
				SWIFT_EMIT_LOC_STRINGS = YES;
				SWIFT_VERSION = 5.0;
				TARGETED_DEVICE_FAMILY = "1,2";
			};
			name = Debug;
		};
		BDA9DE5B2837AEDC00C7038B /* Release */ = {
			isa = XCBuildConfiguration;
			baseConfigurationReference = D45E77E2BA64D677BC25EDA4 /* Pods-TweetStream.release.xcconfig */;
			buildSettings = {
				ASSETCATALOG_COMPILER_APPICON_NAME = AppIcon;
				ASSETCATALOG_COMPILER_GLOBAL_ACCENT_COLOR_NAME = AccentColor;
				ASSETCATALOG_COMPILER_INCLUDE_ALL_APPICON_ASSETS = YES;
				CODE_SIGN_STYLE = Automatic;
				CURRENT_PROJECT_VERSION = 1;
				DEVELOPMENT_TEAM = N6WWEQFR6E;
				GENERATE_INFOPLIST_FILE = YES;
				INFOPLIST_FILE = TweetStream/Resources/Info.plist;
				INFOPLIST_KEY_UIApplicationSupportsIndirectInputEvents = YES;
				INFOPLIST_KEY_UILaunchStoryboardName = LaunchScreen;
				INFOPLIST_KEY_UISupportedInterfaceOrientations = UIInterfaceOrientationPortrait;
				INFOPLIST_KEY_UISupportedInterfaceOrientations_iPad = "UIInterfaceOrientationPortrait UIInterfaceOrientationPortraitUpsideDown UIInterfaceOrientationLandscapeLeft UIInterfaceOrientationLandscapeRight";
				INFOPLIST_KEY_UISupportedInterfaceOrientations_iPhone = "UIInterfaceOrientationPortrait UIInterfaceOrientationLandscapeLeft UIInterfaceOrientationLandscapeRight";
				IPHONEOS_DEPLOYMENT_TARGET = 13.0;
				LD_RUNPATH_SEARCH_PATHS = (
					"$(inherited)",
					"@executable_path/Frameworks",
				);
				MARKETING_VERSION = 1.0;
				PRODUCT_BUNDLE_IDENTIFIER = shafiee.test.TweetStream;
				PRODUCT_NAME = "$(TARGET_NAME)";
				SWIFT_EMIT_LOC_STRINGS = YES;
				SWIFT_VERSION = 5.0;
				TARGETED_DEVICE_FAMILY = "1,2";
			};
			name = Release;
		};
		BDA9DE5D2837AEDC00C7038B /* Debug */ = {
			isa = XCBuildConfiguration;
			baseConfigurationReference = 97576C660A1528067FD51902 /* Pods-TweetStreamTests.debug.xcconfig */;
			buildSettings = {
				ALWAYS_EMBED_SWIFT_STANDARD_LIBRARIES = YES;
				BUNDLE_LOADER = "$(TEST_HOST)";
				CODE_SIGN_STYLE = Automatic;
				CURRENT_PROJECT_VERSION = 1;
				DEVELOPMENT_TEAM = N6WWEQFR6E;
				GENERATE_INFOPLIST_FILE = YES;
				IPHONEOS_DEPLOYMENT_TARGET = 15.4;
				MARKETING_VERSION = 1.0;
				PRODUCT_BUNDLE_IDENTIFIER = shafiee.test.TweetStreamTests;
				PRODUCT_NAME = "$(TARGET_NAME)";
				SWIFT_EMIT_LOC_STRINGS = NO;
				SWIFT_VERSION = 5.0;
				TARGETED_DEVICE_FAMILY = "1,2";
				TEST_HOST = "$(BUILT_PRODUCTS_DIR)/TweetStream.app/TweetStream";
			};
			name = Debug;
		};
		BDA9DE5E2837AEDC00C7038B /* Release */ = {
			isa = XCBuildConfiguration;
			baseConfigurationReference = 0EA842E4BD900072A5DCA952 /* Pods-TweetStreamTests.release.xcconfig */;
			buildSettings = {
				ALWAYS_EMBED_SWIFT_STANDARD_LIBRARIES = YES;
				BUNDLE_LOADER = "$(TEST_HOST)";
				CODE_SIGN_STYLE = Automatic;
				CURRENT_PROJECT_VERSION = 1;
				DEVELOPMENT_TEAM = N6WWEQFR6E;
				GENERATE_INFOPLIST_FILE = YES;
				IPHONEOS_DEPLOYMENT_TARGET = 15.4;
				MARKETING_VERSION = 1.0;
				PRODUCT_BUNDLE_IDENTIFIER = shafiee.test.TweetStreamTests;
				PRODUCT_NAME = "$(TARGET_NAME)";
				SWIFT_EMIT_LOC_STRINGS = NO;
				SWIFT_VERSION = 5.0;
				TARGETED_DEVICE_FAMILY = "1,2";
				TEST_HOST = "$(BUILT_PRODUCTS_DIR)/TweetStream.app/TweetStream";
			};
			name = Release;
		};
		BDA9DE602837AEDC00C7038B /* Debug */ = {
			isa = XCBuildConfiguration;
			baseConfigurationReference = 40D9B3F0BFB54CAF7E9735F5 /* Pods-TweetStream-TweetStreamUITests.debug.xcconfig */;
			buildSettings = {
				ALWAYS_EMBED_SWIFT_STANDARD_LIBRARIES = YES;
				CODE_SIGN_STYLE = Automatic;
				CURRENT_PROJECT_VERSION = 1;
				DEVELOPMENT_TEAM = N6WWEQFR6E;
				GENERATE_INFOPLIST_FILE = YES;
				MARKETING_VERSION = 1.0;
				PRODUCT_BUNDLE_IDENTIFIER = shafiee.test.TweetStreamUITests;
				PRODUCT_NAME = "$(TARGET_NAME)";
				SWIFT_EMIT_LOC_STRINGS = NO;
				SWIFT_VERSION = 5.0;
				TARGETED_DEVICE_FAMILY = "1,2";
				TEST_TARGET_NAME = TweetStream;
			};
			name = Debug;
		};
		BDA9DE612837AEDC00C7038B /* Release */ = {
			isa = XCBuildConfiguration;
			baseConfigurationReference = 8223023F6708A33E23B2CA50 /* Pods-TweetStream-TweetStreamUITests.release.xcconfig */;
			buildSettings = {
				ALWAYS_EMBED_SWIFT_STANDARD_LIBRARIES = YES;
				CODE_SIGN_STYLE = Automatic;
				CURRENT_PROJECT_VERSION = 1;
				DEVELOPMENT_TEAM = N6WWEQFR6E;
				GENERATE_INFOPLIST_FILE = YES;
				MARKETING_VERSION = 1.0;
				PRODUCT_BUNDLE_IDENTIFIER = shafiee.test.TweetStreamUITests;
				PRODUCT_NAME = "$(TARGET_NAME)";
				SWIFT_EMIT_LOC_STRINGS = NO;
				SWIFT_VERSION = 5.0;
				TARGETED_DEVICE_FAMILY = "1,2";
				TEST_TARGET_NAME = TweetStream;
			};
			name = Release;
		};
/* End XCBuildConfiguration section */

/* Begin XCConfigurationList section */
		BDA9DE2A2837AEDB00C7038B /* Build configuration list for PBXProject "TweetStream" */ = {
			isa = XCConfigurationList;
			buildConfigurations = (
				BDA9DE572837AEDC00C7038B /* Debug */,
				BDA9DE582837AEDC00C7038B /* Release */,
			);
			defaultConfigurationIsVisible = 0;
			defaultConfigurationName = Release;
		};
		BDA9DE592837AEDC00C7038B /* Build configuration list for PBXNativeTarget "TweetStream" */ = {
			isa = XCConfigurationList;
			buildConfigurations = (
				BDA9DE5A2837AEDC00C7038B /* Debug */,
				BDA9DE5B2837AEDC00C7038B /* Release */,
			);
			defaultConfigurationIsVisible = 0;
			defaultConfigurationName = Release;
		};
		BDA9DE5C2837AEDC00C7038B /* Build configuration list for PBXNativeTarget "TweetStreamTests" */ = {
			isa = XCConfigurationList;
			buildConfigurations = (
				BDA9DE5D2837AEDC00C7038B /* Debug */,
				BDA9DE5E2837AEDC00C7038B /* Release */,
			);
			defaultConfigurationIsVisible = 0;
			defaultConfigurationName = Release;
		};
		BDA9DE5F2837AEDC00C7038B /* Build configuration list for PBXNativeTarget "TweetStreamUITests" */ = {
			isa = XCConfigurationList;
			buildConfigurations = (
				BDA9DE602837AEDC00C7038B /* Debug */,
				BDA9DE612837AEDC00C7038B /* Release */,
			);
			defaultConfigurationIsVisible = 0;
			defaultConfigurationName = Release;
		};
/* End XCConfigurationList section */
	};
	rootObject = BDA9DE272837AEDB00C7038B /* Project object */;
}
